
Microsoft Visual Studio Solution File, Format Version 12.00
# Visual Studio Version 16
VisualStudioVersion = 25.0.1706.9
MinimumVisualStudioVersion = 10.0.40219.1
Project("{FAE04EC0-301F-11D3-BF4B-00C04F79EFBC}") = "businessService", "businessService\businessService.csproj", "{B98C28C0-57B4-493B-9155-D0C32BE93D95}"
EndProject
Global
	GlobalSection(SolutionConfigurationPlatforms) = preSolution
		Debug|Any CPU = Debug|Any CPU
		Release|Any CPU = Release|Any CPU
	EndGlobalSection
	GlobalSection(ProjectConfigurationPlatforms) = postSolution
		{B98C28C0-57B4-493B-9155-D0C32BE93D95}.Debug|Any CPU.ActiveCfg = Debug|Any CPU
		{B98C28C0-57B4-493B-9155-D0C32BE93D95}.Debug|Any CPU.Build.0 = Debug|Any CPU
		{B98C28C0-57B4-493B-9155-D0C32BE93D95}.Release|Any CPU.ActiveCfg = Release|Any CPU
		{B98C28C0-57B4-493B-9155-D0C32BE93D95}.Release|Any CPU.Build.0 = Release|Any CPU
	EndGlobalSection
	GlobalSection(SolutionProperties) = preSolution
		HideSolutionNode = FALSE
	EndGlobalSection
	GlobalSection(ExtensibilityGlobals) = postSolution
		SolutionGuid = {ED0BE734-9A79-4DED-8428-EBE501A871B9}
	EndGlobalSection
EndGlobal
